
Microsoft Visual Studio Solution File, Format Version 12.00
# Visual Studio Version 17
VisualStudioVersion = 17.5.33530.505
MinimumVisualStudioVersion = 10.0.40219.1
Project("{FAE04EC0-301F-11D3-BF4B-00C04F79EFBC}") = "TiendaVinilos", "TiendaVinilos.csproj", "{85E00544-8C79-41C4-8393-32DDD196B82D}"
EndProject
Project("{2150E333-8FDC-42A3-9474-1A3956D46DE8}") = "Elementos de la solución", "Elementos de la solución", "{248EC716-FB34-4295-B70F-47A1C7C89474}"
	ProjectSection(SolutionItems) = preProject
		ListaDeDeseos.xaml = ListaDeDeseos.xaml
	EndProjectSection
EndProject
Global
	GlobalSection(SolutionConfigurationPlatforms) = preSolution
		Debug|Any CPU = Debug|Any CPU
		Release|Any CPU = Release|Any CPU
	EndGlobalSection
	GlobalSection(ProjectConfigurationPlatforms) = postSolution
		{85E00544-8C79-41C4-8393-32DDD196B82D}.Debug|Any CPU.ActiveCfg = Debug|Any CPU
		{85E00544-8C79-41C4-8393-32DDD196B82D}.Debug|Any CPU.Build.0 = Debug|Any CPU
		{85E00544-8C79-41C4-8393-32DDD196B82D}.Release|Any CPU.ActiveCfg = Release|Any CPU
		{85E00544-8C79-41C4-8393-32DDD196B82D}.Release|Any CPU.Build.0 = Release|Any CPU
	EndGlobalSection
	GlobalSection(SolutionProperties) = preSolution
		HideSolutionNode = FALSE
	EndGlobalSection
	GlobalSection(ExtensibilityGlobals) = postSolution
		SolutionGuid = {3019CA2A-E672-44B7-AFBD-54561584AA30}
	EndGlobalSection
EndGlobal
